
Microsoft Visual Studio Solution File, Format Version 12.00
# Visual Studio 14
VisualStudioVersion = 14.0.25420.1
MinimumVisualStudioVersion = 10.0.40219.1
Project("{8BC9CEB8-8B4A-11D0-8D11-00A0C91BC942}") = "RTree_survey", "RTree_survey\RTree_survey.vcxproj", "{E7CB0548-FCC3-4180-8CA6-FDC09F5CF72B}"
EndProject
Project("{888888A0-9F3D-457C-B088-3A5042F75D52}") = "bmk_visualizer", "bmk_visualizer\bmk_visualizer.pyproj", "{99583714-DA86-45CF-A0A0-0E6839CC4F4A}"
EndProject
Project("{8BC9CEB8-8B4A-11D0-8D11-00A0C91BC942}") = "optimize_rtree", "optimize_rtree\optimize_rtree.vcxproj", "{F7DEAAD6-F3D3-4CDC-9777-4AFAAADC49DD}"
EndProject
Project("{888888A0-9F3D-457C-B088-3A5042F75D52}") = "optimizer", "optimizer\optimizer.pyproj", "{9F9B4D59-77BA-4B28-8D53-6888BF27568C}"
EndProject
Global
	GlobalSection(SolutionConfigurationPlatforms) = preSolution
		Debug|Any CPU = Debug|Any CPU
		Debug|x64 = Debug|x64
		Debug|x86 = Debug|x86
		Release|Any CPU = Release|Any CPU
		Release|x64 = Release|x64
		Release|x86 = Release|x86
	EndGlobalSection
	GlobalSection(ProjectConfigurationPlatforms) = postSolution
		{E7CB0548-FCC3-4180-8CA6-FDC09F5CF72B}.Debug|Any CPU.ActiveCfg = Debug|Win32
		{E7CB0548-FCC3-4180-8CA6-FDC09F5CF72B}.Debug|x64.ActiveCfg = Debug|x64
		{E7CB0548-FCC3-4180-8CA6-FDC09F5CF72B}.Debug|x64.Build.0 = Debug|x64
		{E7CB0548-FCC3-4180-8CA6-FDC09F5CF72B}.Debug|x86.ActiveCfg = Debug|Win32
		{E7CB0548-FCC3-4180-8CA6-FDC09F5CF72B}.Debug|x86.Build.0 = Debug|Win32
		{E7CB0548-FCC3-4180-8CA6-FDC09F5CF72B}.Release|Any CPU.ActiveCfg = Release|Win32
		{E7CB0548-FCC3-4180-8CA6-FDC09F5CF72B}.Release|x64.ActiveCfg = Release|x64
		{E7CB0548-FCC3-4180-8CA6-FDC09F5CF72B}.Release|x64.Build.0 = Release|x64
		{E7CB0548-FCC3-4180-8CA6-FDC09F5CF72B}.Release|x86.ActiveCfg = Release|Win32
		{E7CB0548-FCC3-4180-8CA6-FDC09F5CF72B}.Release|x86.Build.0 = Release|Win32
		{99583714-DA86-45CF-A0A0-0E6839CC4F4A}.Debug|Any CPU.ActiveCfg = Debug|Any CPU
		{99583714-DA86-45CF-A0A0-0E6839CC4F4A}.Debug|x64.ActiveCfg = Debug|Any CPU
		{99583714-DA86-45CF-A0A0-0E6839CC4F4A}.Debug|x86.ActiveCfg = Debug|Any CPU
		{99583714-DA86-45CF-A0A0-0E6839CC4F4A}.Release|Any CPU.ActiveCfg = Release|Any CPU
		{99583714-DA86-45CF-A0A0-0E6839CC4F4A}.Release|x64.ActiveCfg = Release|Any CPU
		{99583714-DA86-45CF-A0A0-0E6839CC4F4A}.Release|x86.ActiveCfg = Release|Any CPU
		{F7DEAAD6-F3D3-4CDC-9777-4AFAAADC49DD}.Debug|Any CPU.ActiveCfg = Debug|Win32
		{F7DEAAD6-F3D3-4CDC-9777-4AFAAADC49DD}.Debug|x64.ActiveCfg = Debug|x64
		{F7DEAAD6-F3D3-4CDC-9777-4AFAAADC49DD}.Debug|x64.Build.0 = Debug|x64
		{F7DEAAD6-F3D3-4CDC-9777-4AFAAADC49DD}.Debug|x86.ActiveCfg = Debug|Win32
		{F7DEAAD6-F3D3-4CDC-9777-4AFAAADC49DD}.Debug|x86.Build.0 = Debug|Win32
		{F7DEAAD6-F3D3-4CDC-9777-4AFAAADC49DD}.Release|Any CPU.ActiveCfg = Release|Win32
		{F7DEAAD6-F3D3-4CDC-9777-4AFAAADC49DD}.Release|x64.ActiveCfg = Release|x64
		{F7DEAAD6-F3D3-4CDC-9777-4AFAAADC49DD}.Release|x64.Build.0 = Release|x64
		{F7DEAAD6-F3D3-4CDC-9777-4AFAAADC49DD}.Release|x86.ActiveCfg = Release|Win32
		{F7DEAAD6-F3D3-4CDC-9777-4AFAAADC49DD}.Release|x86.Build.0 = Release|Win32
		{9F9B4D59-77BA-4B28-8D53-6888BF27568C}.Debug|Any CPU.ActiveCfg = Debug|Any CPU
		{9F9B4D59-77BA-4B28-8D53-6888BF27568C}.Debug|x64.ActiveCfg = Debug|Any CPU
		{9F9B4D59-77BA-4B28-8D53-6888BF27568C}.Debug|x86.ActiveCfg = Debug|Any CPU
		{9F9B4D59-77BA-4B28-8D53-6888BF27568C}.Release|Any CPU.ActiveCfg = Release|Any CPU
		{9F9B4D59-77BA-4B28-8D53-6888BF27568C}.Release|x64.ActiveCfg = Release|Any CPU
		{9F9B4D59-77BA-4B28-8D53-6888BF27568C}.Release|x86.ActiveCfg = Release|Any CPU
	EndGlobalSection
	GlobalSection(SolutionProperties) = preSolution
		HideSolutionNode = FALSE
	EndGlobalSection
EndGlobal
